
Microsoft Visual Studio Solution File, Format Version 12.00
# Visual Studio 14
VisualStudioVersion = 14.0.24720.0
MinimumVisualStudioVersion = 10.0.40219.1
Project("{2150E333-8FDC-42A3-9474-1A3956D46DE8}") = "src", "src", "{F5165BBE-502A-4237-A251-45923F79AC89}"
EndProject
Project("{2150E333-8FDC-42A3-9474-1A3956D46DE8}") = "Solution Items", "Solution Items", "{080D2BDF-6838-4B75-B530-BBF0FC29CF7D}"
	ProjectSection(SolutionItems) = preProject
		global.json = global.json
	EndProjectSection
EndProject
Project("{8BB2217D-0F2D-49D1-97BC-3654ED321F3B}") = "Angle-MVC6-jQuery", "src\Angle-MVC6-jQuery\Angle-MVC6-jQuery.xproj", "{3A54513F-25D6-4E1D-8202-7F8963AD5A97}"
EndProject
Global
	GlobalSection(SolutionConfigurationPlatforms) = preSolution
		Debug|Any CPU = Debug|Any CPU
		Release|Any CPU = Release|Any CPU
	EndGlobalSection
	GlobalSection(ProjectConfigurationPlatforms) = postSolution
		{3A54513F-25D6-4E1D-8202-7F8963AD5A97}.Debug|Any CPU.ActiveCfg = Debug|Any CPU
		{3A54513F-25D6-4E1D-8202-7F8963AD5A97}.Debug|Any CPU.Build.0 = Debug|Any CPU
		{3A54513F-25D6-4E1D-8202-7F8963AD5A97}.Release|Any CPU.ActiveCfg = Release|Any CPU
		{3A54513F-25D6-4E1D-8202-7F8963AD5A97}.Release|Any CPU.Build.0 = Release|Any CPU
		{3A54513F-25D6-4E1D-8202-7F8963AD5A97}.Release|Any CPU.Deploy.0 = Release|Any CPU
	EndGlobalSection
	GlobalSection(SolutionProperties) = preSolution
		HideSolutionNode = FALSE
	EndGlobalSection
	GlobalSection(NestedProjects) = preSolution
		{3A54513F-25D6-4E1D-8202-7F8963AD5A97} = {F5165BBE-502A-4237-A251-45923F79AC89}
	EndGlobalSection
EndGlobal
